// !$*UTF8*$!
{
	archiveVersion = 1;
	classes = {
	};
	objectVersion = 55;
	objects = {

/* Begin PBXBuildFile section */
		D6C210BC28098C010091112C /* AppDelegate.swift in Sources */ = {isa = PBXBuildFile; fileRef = D6C210BB28098C010091112C /* AppDelegate.swift */; };
		D6C210BE28098C010091112C /* SceneDelegate.swift in Sources */ = {isa = PBXBuildFile; fileRef = D6C210BD28098C010091112C /* SceneDelegate.swift */; };
		D6C210C328098C010091112C /* Main.storyboard in Resources */ = {isa = PBXBuildFile; fileRef = D6C210C128098C010091112C /* Main.storyboard */; };
		D6C210C528098C030091112C /* Assets.xcassets in Resources */ = {isa = PBXBuildFile; fileRef = D6C210C428098C030091112C /* Assets.xcassets */; };
		D6C210C828098C030091112C /* LaunchScreen.storyboard in Resources */ = {isa = PBXBuildFile; fileRef = D6C210C628098C030091112C /* LaunchScreen.storyboard */; };
		D6C210D128098C890091112C /* MainViewController.swift in Sources */ = {isa = PBXBuildFile; fileRef = D6C210D028098C890091112C /* MainViewController.swift */; };
		D6C210D328098D1A0091112C /* Model.swift in Sources */ = {isa = PBXBuildFile; fileRef = D6C210D228098D1A0091112C /* Model.swift */; };
		D6C210D528098E0B0091112C /* NetworkManager+UIImageView.swift in Sources */ = {isa = PBXBuildFile; fileRef = D6C210D428098E0B0091112C /* NetworkManager+UIImageView.swift */; };
		D6C210D8280992550091112C /* CustomTableViewCell.swift in Sources */ = {isa = PBXBuildFile; fileRef = D6C210D6280992550091112C /* CustomTableViewCell.swift */; };
		D6C210D9280992550091112C /* CustomTableViewCell.xib in Resources */ = {isa = PBXBuildFile; fileRef = D6C210D7280992550091112C /* CustomTableViewCell.xib */; };
/* End PBXBuildFile section */

/* Begin PBXFileReference section */
		D6C210B828098C010091112C /* RickAndMorty_test.app */ = {isa = PBXFileReference; explicitFileType = wrapper.application; includeInIndex = 0; path = RickAndMorty_test.app; sourceTree = BUILT_PRODUCTS_DIR; };
		D6C210BB28098C010091112C /* AppDelegate.swift */ = {isa = PBXFileReference; lastKnownFileType = sourcecode.swift; path = AppDelegate.swift; sourceTree = "<group>"; };
		D6C210BD28098C010091112C /* SceneDelegate.swift */ = {isa = PBXFileReference; lastKnownFileType = sourcecode.swift; path = SceneDelegate.swift; sourceTree = "<group>"; };
		D6C210C228098C010091112C /* Base */ = {isa = PBXFileReference; lastKnownFileType = file.storyboard; name = Base; path = Base.lproj/Main.storyboard; sourceTree = "<group>"; };
		D6C210C428098C030091112C /* Assets.xcassets */ = {isa = PBXFileReference; lastKnownFileType = folder.assetcatalog; path = Assets.xcassets; sourceTree = "<group>"; };
		D6C210C728098C030091112C /* Base */ = {isa = PBXFileReference; lastKnownFileType = file.storyboard; name = Base; path = Base.lproj/LaunchScreen.storyboard; sourceTree = "<group>"; };
		D6C210C928098C030091112C /* Info.plist */ = {isa = PBXFileReference; lastKnownFileType = text.plist.xml; path = Info.plist; sourceTree = "<group>"; };
		D6C210D028098C890091112C /* MainViewController.swift */ = {isa = PBXFileReference; lastKnownFileType = sourcecode.swift; path = MainViewController.swift; sourceTree = "<group>"; };
		D6C210D228098D1A0091112C /* Model.swift */ = {isa = PBXFileReference; lastKnownFileType = sourcecode.swift; path = Model.swift; sourceTree = "<group>"; };
		D6C210D428098E0B0091112C /* NetworkManager+UIImageView.swift */ = {isa = PBXFileReference; lastKnownFileType = sourcecode.swift; path = "NetworkManager+UIImageView.swift"; sourceTree = "<group>"; };
		D6C210D6280992550091112C /* CustomTableViewCell.swift */ = {isa = PBXFileReference; lastKnownFileType = sourcecode.swift; path = CustomTableViewCell.swift; sourceTree = "<group>"; };
		D6C210D7280992550091112C /* CustomTableViewCell.xib */ = {isa = PBXFileReference; lastKnownFileType = file.xib; path = CustomTableViewCell.xib; sourceTree = "<group>"; };
/* End PBXFileReference section */

/* Begin PBXFrameworksBuildPhase section */
		D6C210B528098C010091112C /* Frameworks */ = {
			isa = PBXFrameworksBuildPhase;
			buildActionMask = 2147483647;
			files = (
			);
			runOnlyForDeploymentPostprocessing = 0;
		};
/* End PBXFrameworksBuildPhase section */

/* Begin PBXGroup section */
		D68A9107280AA9380003927F /* CustomCell */ = {
			isa = PBXGroup;
			children = (
				D6C210D6280992550091112C /* CustomTableViewCell.swift */,
				D6C210D7280992550091112C /* CustomTableViewCell.xib */,
			);
			path = CustomCell;
			sourceTree = "<group>";
		};
		D68A9108280AA94E0003927F /* Controllers */ = {
			isa = PBXGroup;
			children = (
				D6C210D028098C890091112C /* MainViewController.swift */,
			);
			path = Controllers;
			sourceTree = "<group>";
		};
		D68A9109280AA95B0003927F /* Model */ = {
			isa = PBXGroup;
			children = (
				D6C210D228098D1A0091112C /* Model.swift */,
			);
			path = Model;
			sourceTree = "<group>";
		};
		D68A910A280AA9780003927F /* View */ = {
			isa = PBXGroup;
			children = (
				D6C210C128098C010091112C /* Main.storyboard */,
				D68A9107280AA9380003927F /* CustomCell */,
			);
			path = View;
			sourceTree = "<group>";
		};
		D6C210AF28098C010091112C = {
			isa = PBXGroup;
			children = (
				D6C210BA28098C010091112C /* RickAndMorty_test */,
				D6C210B928098C010091112C /* Products */,
			);
			sourceTree = "<group>";
		};
		D6C210B928098C010091112C /* Products */ = {
			isa = PBXGroup;
			children = (
				D6C210B828098C010091112C /* RickAndMorty_test.app */,
			);
			name = Products;
			sourceTree = "<group>";
		};
		D6C210BA28098C010091112C /* RickAndMorty_test */ = {
			isa = PBXGroup;
			children = (
				D6C210CF28098C570091112C /* App */,
				D6C210D428098E0B0091112C /* NetworkManager+UIImageView.swift */,
				D68A9109280AA95B0003927F /* Model */,
				D68A910A280AA9780003927F /* View */,
				D68A9108280AA94E0003927F /* Controllers */,
				D6C210C428098C030091112C /* Assets.xcassets */,
				D6C210C628098C030091112C /* LaunchScreen.storyboard */,
				D6C210C928098C030091112C /* Info.plist */,
			);
			path = RickAndMorty_test;
			sourceTree = "<group>";
		};
		D6C210CF28098C570091112C /* App */ = {
			isa = PBXGroup;
			children = (
				D6C210BB28098C010091112C /* AppDelegate.swift */,
				D6C210BD28098C010091112C /* SceneDelegate.swift */,
			);
			path = App;
			sourceTree = "<group>";
		};
/* End PBXGroup section */

/* Begin PBXNativeTarget section */
		D6C210B728098C010091112C /* RickAndMorty_test */ = {
			isa = PBXNativeTarget;
			buildConfigurationList = D6C210CC28098C030091112C /* Build configuration list for PBXNativeTarget "RickAndMorty_test" */;
			buildPhases = (
				D6C210B428098C010091112C /* Sources */,
				D6C210B528098C010091112C /* Frameworks */,
				D6C210B628098C010091112C /* Resources */,
			);
			buildRules = (
			);
			dependencies = (
			);
			name = RickAndMorty_test;
			productName = RickAndMorty_test;
			productReference = D6C210B828098C010091112C /* RickAndMorty_test.app */;
			productType = "com.apple.product-type.application";
		};
/* End PBXNativeTarget section */

/* Begin PBXProject section */
		D6C210B028098C010091112C /* Project object */ = {
			isa = PBXProject;
			attributes = {
				BuildIndependentTargetsInParallel = 1;
				LastSwiftUpdateCheck = 1320;
				LastUpgradeCheck = 1320;
				TargetAttributes = {
					D6C210B728098C010091112C = {
						CreatedOnToolsVersion = 13.2.1;
					};
				};
			};
			buildConfigurationList = D6C210B328098C010091112C /* Build configuration list for PBXProject "RickAndMorty_test" */;
			compatibilityVersion = "Xcode 13.0";
			developmentRegion = en;
			hasScannedForEncodings = 0;
			knownRegions = (
				en,
				Base,
			);
			mainGroup = D6C210AF28098C010091112C;
			productRefGroup = D6C210B928098C010091112C /* Products */;
			projectDirPath = "";
			projectRoot = "";
			targets = (
				D6C210B728098C010091112C /* RickAndMorty_test */,
			);
		};
/* End PBXProject section */

/* Begin PBXResourcesBuildPhase section */
		D6C210B628098C010091112C /* Resources */ = {
			isa = PBXResourcesBuildPhase;
			buildActionMask = 2147483647;
			files = (
				D6C210C828098C030091112C /* LaunchScreen.storyboard in Resources */,
				D6C210C528098C030091112C /* Assets.xcassets in Resources */,
				D6C210D9280992550091112C /* CustomTableViewCell.xib in Resources */,
				D6C210C328098C010091112C /* Main.storyboard in Resources */,
			);
			runOnlyForDeploymentPostprocessing = 0;
		};
/* End PBXResourcesBuildPhase section */

/* Begin PBXSourcesBuildPhase section */
		D6C210B428098C010091112C /* Sources */ = {
			isa = PBXSourcesBuildPhase;
			buildActionMask = 2147483647;
			files = (
				D6C210D8280992550091112C /* CustomTableViewCell.swift in Sources */,
				D6C210D128098C890091112C /* MainViewController.swift in Sources */,
				D6C210BC28098C010091112C /* AppDelegate.swift in Sources */,
				D6C210D528098E0B0091112C /* NetworkManager+UIImageView.swift in Sources */,
				D6C210BE28098C010091112C /* SceneDelegate.swift in Sources */,
				D6C210D328098D1A0091112C /* Model.swift in Sources */,
			);
			runOnlyForDeploymentPostprocessing = 0;
		};
/* End PBXSourcesBuildPhase section */

/* Begin PBXVariantGroup section */
		D6C210C128098C010091112C /* Main.storyboard */ = {
			isa = PBXVariantGroup;
			children = (
				D6C210C228098C010091112C /* Base */,
			);
			name = Main.storyboard;
			sourceTree = "<group>";
		};
		D6C210C628098C030091112C /* LaunchScreen.storyboard */ = {
			isa = PBXVariantGroup;
			children = (
				D6C210C728098C030091112C /* Base */,
			);
			name = LaunchScreen.storyboard;
			sourceTree = "<group>";
		};
/* End PBXVariantGroup section */

/* Begin XCBuildConfiguration section */
		D6C210CA28098C030091112C /* Debug */ = {
			isa = XCBuildConfiguration;
			buildSettings = {
				ALWAYS_SEARCH_USER_PATHS = NO;
				CLANG_ANALYZER_NONNULL = YES;
				CLANG_ANALYZER_NUMBER_OBJECT_CONVERSION = YES_AGGRESSIVE;
				CLANG_CXX_LANGUAGE_STANDARD = "gnu++17";
				CLANG_CXX_LIBRARY = "libc++";
				CLANG_ENABLE_MODULES = YES;
				CLANG_ENABLE_OBJC_ARC = YES;
				CLANG_ENABLE_OBJC_WEAK = YES;
				CLANG_WARN_BLOCK_CAPTURE_AUTORELEASING = YES;
				CLANG_WARN_BOOL_CONVERSION = YES;
				CLANG_WARN_COMMA = YES;
				CLANG_WARN_CONSTANT_CONVERSION = YES;
				CLANG_WARN_DEPRECATED_OBJC_IMPLEMENTATIONS = YES;
				CLANG_WARN_DIRECT_OBJC_ISA_USAGE = YES_ERROR;
				CLANG_WARN_DOCUMENTATION_COMMENTS = YES;
				CLANG_WARN_EMPTY_BODY = YES;
				CLANG_WARN_ENUM_CONVERSION = YES;
				CLANG_WARN_INFINITE_RECURSION = YES;
				CLANG_WARN_INT_CONVERSION = YES;
				CLANG_WARN_NON_LITERAL_NULL_CONVERSION = YES;
				CLANG_WARN_OBJC_IMPLICIT_RETAIN_SELF = YES;
				CLANG_WARN_OBJC_LITERAL_CONVERSION = YES;
				CLANG_WARN_OBJC_ROOT_CLASS = YES_ERROR;
				CLANG_WARN_QUOTED_INCLUDE_IN_FRAMEWORK_HEADER = YES;
				CLANG_WARN_RANGE_LOOP_ANALYSIS = YES;
				CLANG_WARN_STRICT_PROTOTYPES = YES;
				CLANG_WARN_SUSPICIOUS_MOVE = YES;
				CLANG_WARN_UNGUARDED_AVAILABILITY = YES_AGGRESSIVE;
				CLANG_WARN_UNREACHABLE_CODE = YES;
				CLANG_WARN__DUPLICATE_METHOD_MATCH = YES;
				COPY_PHASE_STRIP = NO;
				DEBUG_INFORMATION_FORMAT = dwarf;
				ENABLE_STRICT_OBJC_MSGSEND = YES;
				ENABLE_TESTABILITY = YES;
				GCC_C_LANGUAGE_STANDARD = gnu11;
				GCC_DYNAMIC_NO_PIC = NO;
				GCC_NO_COMMON_BLOCKS = YES;
				GCC_OPTIMIZATION_LEVEL = 0;
				GCC_PREPROCESSOR_DEFINITIONS = (
					"DEBUG=1",
					"$(inherited)",
				);
				GCC_WARN_64_TO_32_BIT_CONVERSION = YES;
				GCC_WARN_ABOUT_RETURN_TYPE = YES_ERROR;
				GCC_WARN_UNDECLARED_SELECTOR = YES;
				GCC_WARN_UNINITIALIZED_AUTOS = YES_AGGRESSIVE;
				GCC_WARN_UNUSED_FUNCTION = YES;
				GCC_WARN_UNUSED_VARIABLE = YES;
				IPHONEOS_DEPLOYMENT_TARGET = 15.2;
				MTL_ENABLE_DEBUG_INFO = INCLUDE_SOURCE;
				MTL_FAST_MATH = YES;
				ONLY_ACTIVE_ARCH = YES;
				SDKROOT = iphoneos;
				SWIFT_ACTIVE_COMPILATION_CONDITIONS = DEBUG;
				SWIFT_OPTIMIZATION_LEVEL = "-Onone";
			};
			name = Debug;
		};
		D6C210CB28098C030091112C /* Release */ = {
			isa = XCBuildConfiguration;
			buildSettings = {
				ALWAYS_SEARCH_USER_PATHS = NO;
				CLANG_ANALYZER_NONNULL = YES;
				CLANG_ANALYZER_NUMBER_OBJECT_CONVERSION = YES_AGGRESSIVE;
				CLANG_CXX_LANGUAGE_STANDARD = "gnu++17";
				CLANG_CXX_LIBRARY = "libc++";
				CLANG_ENABLE_MODULES = YES;
				CLANG_ENABLE_OBJC_ARC = YES;
				CLANG_ENABLE_OBJC_WEAK = YES;
				CLANG_WARN_BLOCK_CAPTURE_AUTORELEASING = YES;
				CLANG_WARN_BOOL_CONVERSION = YES;
				CLANG_WARN_COMMA = YES;
				CLANG_WARN_CONSTANT_CONVERSION = YES;
				CLANG_WARN_DEPRECATED_OBJC_IMPLEMENTATIONS = YES;
				CLANG_WARN_DIRECT_OBJC_ISA_USAGE = YES_ERROR;
				CLANG_WARN_DOCUMENTATION_COMMENTS = YES;
				CLANG_WARN_EMPTY_BODY = YES;
				CLANG_WARN_ENUM_CONVERSION = YES;
				CLANG_WARN_INFINITE_RECURSION = YES;
				CLANG_WARN_INT_CONVERSION = YES;
				CLANG_WARN_NON_LITERAL_NULL_CONVERSION = YES;
				CLANG_WARN_OBJC_IMPLICIT_RETAIN_SELF = YES;
				CLANG_WARN_OBJC_LITERAL_CONVERSION = YES;
				CLANG_WARN_OBJC_ROOT_CLASS = YES_ERROR;
				CLANG_WARN_QUOTED_INCLUDE_IN_FRAMEWORK_HEADER = YES;
				CLANG_WARN_RANGE_LOOP_ANALYSIS = YES;
				CLANG_WARN_STRICT_PROTOTYPES = YES;
				CLANG_WARN_SUSPICIOUS_MOVE = YES;
				CLANG_WARN_UNGUARDED_AVAILABILITY = YES_AGGRESSIVE;
				CLANG_WARN_UNREACHABLE_CODE = YES;
				CLANG_WARN__DUPLICATE_METHOD_MATCH = YES;
				COPY_PHASE_STRIP = NO;
				DEBUG_INFORMATION_FORMAT = "dwarf-with-dsym";
				ENABLE_NS_ASSERTIONS = NO;
				ENABLE_STRICT_OBJC_MSGSEND = YES;
				GCC_C_LANGUAGE_STANDARD = gnu11;
				GCC_NO_COMMON_BLOCKS = YES;
				GCC_WARN_64_TO_32_BIT_CONVERSION = YES;
				GCC_WARN_ABOUT_RETURN_TYPE = YES_ERROR;
				GCC_WARN_UNDECLARED_SELECTOR = YES;
				GCC_WARN_UNINITIALIZED_AUTOS = YES_AGGRESSIVE;
				GCC_WARN_UNUSED_FUNCTION = YES;
				GCC_WARN_UNUSED_VARIABLE = YES;
				IPHONEOS_DEPLOYMENT_TARGET = 15.2;
				MTL_ENABLE_DEBUG_INFO = NO;
				MTL_FAST_MATH = YES;
				SDKROOT = iphoneos;
				SWIFT_COMPILATION_MODE = wholemodule;
				SWIFT_OPTIMIZATION_LEVEL = "-O";
				VALIDATE_PRODUCT = YES;
			};
			name = Release;
		};
		D6C210CD28098C030091112C /* Debug */ = {
			isa = XCBuildConfiguration;
			buildSettings = {
				ASSETCATALOG_COMPILER_APPICON_NAME = AppIcon;
				ASSETCATALOG_COMPILER_GLOBAL_ACCENT_COLOR_NAME = AccentColor;
				CODE_SIGN_STYLE = Automatic;
				CURRENT_PROJECT_VERSION = 1;
				DEVELOPMENT_TEAM = X8VM9X4JZM;
				GENERATE_INFOPLIST_FILE = YES;
				INFOPLIST_FILE = RickAndMorty_test/Info.plist;
				INFOPLIST_KEY_UIApplicationSupportsIndirectInputEvents = YES;
				INFOPLIST_KEY_UILaunchStoryboardName = LaunchScreen;
				INFOPLIST_KEY_UIMainStoryboardFile = Main;
				INFOPLIST_KEY_UISupportedInterfaceOrientations_iPad = "UIInterfaceOrientationPortrait UIInterfaceOrientationPortraitUpsideDown UIInterfaceOrientationLandscapeLeft UIInterfaceOrientationLandscapeRight";
				INFOPLIST_KEY_UISupportedInterfaceOrientations_iPhone = "UIInterfaceOrientationPortrait UIInterfaceOrientationLandscapeLeft UIInterfaceOrientationLandscapeRight";
				LD_RUNPATH_SEARCH_PATHS = (
					"$(inherited)",
					"@executable_path/Frameworks",
				);
				MARKETING_VERSION = 1.0;
				PRODUCT_BUNDLE_IDENTIFIER = "com.veranika.RickAndMorty-test";
				PRODUCT_NAME = "$(TARGET_NAME)";
				SWIFT_EMIT_LOC_STRINGS = YES;
				SWIFT_VERSION = 5.0;
				TARGETED_DEVICE_FAMILY = "1,2";
			};
			name = Debug;
		};
		D6C210CE28098C030091112C /* Release */ = {
			isa = XCBuildConfiguration;
			buildSettings = {
				ASSETCATALOG_COMPILER_APPICON_NAME = AppIcon;
				ASSETCATALOG_COMPILER_GLOBAL_ACCENT_COLOR_NAME = AccentColor;
				CODE_SIGN_STYLE = Automatic;
				CURRENT_PROJECT_VERSION = 1;
				DEVELOPMENT_TEAM = X8VM9X4JZM;
				GENERATE_INFOPLIST_FILE = YES;
				INFOPLIST_FILE = RickAndMorty_test/Info.plist;
				INFOPLIST_KEY_UIApplicationSupportsIndirectInputEvents = YES;
				INFOPLIST_KEY_UILaunchStoryboardName = LaunchScreen;
				INFOPLIST_KEY_UIMainStoryboardFile = Main;
				INFOPLIST_KEY_UISupportedInterfaceOrientations_iPad = "UIInterfaceOrientationPortrait UIInterfaceOrientationPortraitUpsideDown UIInterfaceOrientationLandscapeLeft UIInterfaceOrientationLandscapeRight";
				INFOPLIST_KEY_UISupportedInterfaceOrientations_iPhone = "UIInterfaceOrientationPortrait UIInterfaceOrientationLandscapeLeft UIInterfaceOrientationLandscapeRight";
				LD_RUNPATH_SEARCH_PATHS = (
					"$(inherited)",
					"@executable_path/Frameworks",
				);
				MARKETING_VERSION = 1.0;
				PRODUCT_BUNDLE_IDENTIFIER = "com.veranika.RickAndMorty-test";
				PRODUCT_NAME = "$(TARGET_NAME)";
				SWIFT_EMIT_LOC_STRINGS = YES;
				SWIFT_VERSION = 5.0;
				TARGETED_DEVICE_FAMILY = "1,2";
			};
			name = Release;
		};
/* End XCBuildConfiguration section */

/* Begin XCConfigurationList section */
		D6C210B328098C010091112C /* Build configuration list for PBXProject "RickAndMorty_test" */ = {
			isa = XCConfigurationList;
			buildConfigurations = (
				D6C210CA28098C030091112C /* Debug */,
				D6C210CB28098C030091112C /* Release */,
			);
			defaultConfigurationIsVisible = 0;
			defaultConfigurationName = Release;
		};
		D6C210CC28098C030091112C /* Build configuration list for PBXNativeTarget "RickAndMorty_test" */ = {
			isa = XCConfigurationList;
			buildConfigurations = (
				D6C210CD28098C030091112C /* Debug */,
				D6C210CE28098C030091112C /* Release */,
			);
			defaultConfigurationIsVisible = 0;
			defaultConfigurationName = Release;
		};
/* End XCConfigurationList section */
	};
	rootObject = D6C210B028098C010091112C /* Project object */;
}
